
Microsoft Visual Studio Solution File, Format Version 12.00
# Visual Studio Version 16
VisualStudioVersion = 16.0.31624.102
MinimumVisualStudioVersion = 10.0.40219.1
Project("{FAE04EC0-301F-11D3-BF4B-00C04F79EFBC}") = "WebStore", "WebStore\WebStore.csproj", "{A55547EE-83BE-4CE2-9718-9B0644CA9F3E}"
EndProject
Global
	GlobalSection(SolutionConfigurationPlatforms) = preSolution
		Debug|Any CPU = Debug|Any CPU
		Release|Any CPU = Release|Any CPU
	EndGlobalSection
	GlobalSection(ProjectConfigurationPlatforms) = postSolution
		{A55547EE-83BE-4CE2-9718-9B0644CA9F3E}.Debug|Any CPU.ActiveCfg = Debug|Any CPU
		{A55547EE-83BE-4CE2-9718-9B0644CA9F3E}.Debug|Any CPU.Build.0 = Debug|Any CPU
		{A55547EE-83BE-4CE2-9718-9B0644CA9F3E}.Release|Any CPU.ActiveCfg = Release|Any CPU
		{A55547EE-83BE-4CE2-9718-9B0644CA9F3E}.Release|Any CPU.Build.0 = Release|Any CPU
	EndGlobalSection
	GlobalSection(SolutionProperties) = preSolution
		HideSolutionNode = FALSE
	EndGlobalSection
	GlobalSection(ExtensibilityGlobals) = postSolution
		SolutionGuid = {9275BE2A-DCDC-431B-930D-FFED12893625}
	EndGlobalSection
EndGlobal
