
Microsoft Visual Studio Solution File, Format Version 12.00
# Visual Studio Version 16
VisualStudioVersion = 16.0.31624.102
MinimumVisualStudioVersion = 10.0.40219.1
Project("{9A19103F-16F7-4668-BE54-9A1E7A4F7556}") = "WebStore", "WebStore\WebStore.csproj", "{A55547EE-83BE-4CE2-9718-9B0644CA9F3E}"
EndProject
Project("{9A19103F-16F7-4668-BE54-9A1E7A4F7556}") = "WebStore.Domain", "WebStore.Domain\WebStore.Domain.csproj", "{ECFCDFAB-4EE5-4C5C-BCD7-41D144E0A175}"
EndProject
Project("{FAE04EC0-301F-11D3-BF4B-00C04F79EFBC}") = "WebStore.DAL", "WebStore.DAL\WebStore.DAL.csproj", "{EA2C7D65-D209-4575-9632-2A227D2735F9}"
EndProject
Global
	GlobalSection(SolutionConfigurationPlatforms) = preSolution
		Debug|Any CPU = Debug|Any CPU
		Release|Any CPU = Release|Any CPU
	EndGlobalSection
	GlobalSection(ProjectConfigurationPlatforms) = postSolution
		{A55547EE-83BE-4CE2-9718-9B0644CA9F3E}.Debug|Any CPU.ActiveCfg = Debug|Any CPU
		{A55547EE-83BE-4CE2-9718-9B0644CA9F3E}.Debug|Any CPU.Build.0 = Debug|Any CPU
		{A55547EE-83BE-4CE2-9718-9B0644CA9F3E}.Release|Any CPU.ActiveCfg = Release|Any CPU
		{A55547EE-83BE-4CE2-9718-9B0644CA9F3E}.Release|Any CPU.Build.0 = Release|Any CPU
		{ECFCDFAB-4EE5-4C5C-BCD7-41D144E0A175}.Debug|Any CPU.ActiveCfg = Debug|Any CPU
		{ECFCDFAB-4EE5-4C5C-BCD7-41D144E0A175}.Debug|Any CPU.Build.0 = Debug|Any CPU
		{ECFCDFAB-4EE5-4C5C-BCD7-41D144E0A175}.Release|Any CPU.ActiveCfg = Release|Any CPU
		{ECFCDFAB-4EE5-4C5C-BCD7-41D144E0A175}.Release|Any CPU.Build.0 = Release|Any CPU
		{EA2C7D65-D209-4575-9632-2A227D2735F9}.Debug|Any CPU.ActiveCfg = Debug|Any CPU
		{EA2C7D65-D209-4575-9632-2A227D2735F9}.Debug|Any CPU.Build.0 = Debug|Any CPU
		{EA2C7D65-D209-4575-9632-2A227D2735F9}.Release|Any CPU.ActiveCfg = Release|Any CPU
		{EA2C7D65-D209-4575-9632-2A227D2735F9}.Release|Any CPU.Build.0 = Release|Any CPU
	EndGlobalSection
	GlobalSection(SolutionProperties) = preSolution
		HideSolutionNode = FALSE
	EndGlobalSection
	GlobalSection(ExtensibilityGlobals) = postSolution
		SolutionGuid = {9275BE2A-DCDC-431B-930D-FFED12893625}
	EndGlobalSection
EndGlobal
